
Microsoft Visual Studio Solution File, Format Version 12.00
# Visual Studio Version 16
VisualStudioVersion = 16.0.31112.23
MinimumVisualStudioVersion = 10.0.40219.1
Project("{9A19103F-16F7-4668-BE54-9A1E7A4F7556}") = "webapi", "webapi.csproj", "{A25BBB6C-8AF5-40D8-BE2E-3A5ABB30187C}"
EndProject
Global
	GlobalSection(SolutionConfigurationPlatforms) = preSolution
		Debug|Any CPU = Debug|Any CPU
		Release|Any CPU = Release|Any CPU
	EndGlobalSection
	GlobalSection(ProjectConfigurationPlatforms) = postSolution
		{A25BBB6C-8AF5-40D8-BE2E-3A5ABB30187C}.Debug|Any CPU.ActiveCfg = Debug|Any CPU
		{A25BBB6C-8AF5-40D8-BE2E-3A5ABB30187C}.Debug|Any CPU.Build.0 = Debug|Any CPU
		{A25BBB6C-8AF5-40D8-BE2E-3A5ABB30187C}.Release|Any CPU.ActiveCfg = Release|Any CPU
		{A25BBB6C-8AF5-40D8-BE2E-3A5ABB30187C}.Release|Any CPU.Build.0 = Release|Any CPU
	EndGlobalSection
	GlobalSection(SolutionProperties) = preSolution
		HideSolutionNode = FALSE
	EndGlobalSection
	GlobalSection(ExtensibilityGlobals) = postSolution
		SolutionGuid = {D39E8CF4-7D6B-451A-8892-5CDB9B668721}
	EndGlobalSection
EndGlobal
